// !$*UTF8*$!
{
	archiveVersion = 1;
	classes = {
	};
	objectVersion = 56;
	objects = {

/* Begin PBXBuildFile section */
		2B162B012ADECF1300C29696 /* IconsHeaderCollectionReusableView.swift in Sources */ = {isa = PBXBuildFile; fileRef = 2B162B002ADECF1300C29696 /* IconsHeaderCollectionReusableView.swift */; };
		2B162B032ADEEB1400C29696 /* InfoHeaderCollectionReusableView.swift in Sources */ = {isa = PBXBuildFile; fileRef = 2B162B022ADEEB1400C29696 /* InfoHeaderCollectionReusableView.swift */; };
		2B32B0622AE3D7220093BDBD /* ViewModel.swift in Sources */ = {isa = PBXBuildFile; fileRef = 2B32B0612AE3D7220093BDBD /* ViewModel.swift */; };
		2B32B0652AE472D30093BDBD /* APIService.swift in Sources */ = {isa = PBXBuildFile; fileRef = 2B32B0642AE472D30093BDBD /* APIService.swift */; };
		2B32B0672AE4733A0093BDBD /* Models.swift in Sources */ = {isa = PBXBuildFile; fileRef = 2B32B0662AE4733A0093BDBD /* Models.swift */; };
		2B3D6AD72AE6AB9C00F0AF28 /* LogInViewModel.swift in Sources */ = {isa = PBXBuildFile; fileRef = 2B3D6AD62AE6AB9C00F0AF28 /* LogInViewModel.swift */; };
		2B3D6AD92AE6B1A800F0AF28 /* LogInModel.swift in Sources */ = {isa = PBXBuildFile; fileRef = 2B3D6AD82AE6B1A800F0AF28 /* LogInModel.swift */; };
		2B51A6242AF044C300F98D00 /* KeychainManager.swift in Sources */ = {isa = PBXBuildFile; fileRef = 2B51A6232AF044C300F98D00 /* KeychainManager.swift */; };
		2B6C873A2AE04FF800590C3B /* StartViewController.swift in Sources */ = {isa = PBXBuildFile; fileRef = 2B6C87392AE04FF800590C3B /* StartViewController.swift */; };
		2BD4453E2ADDAD350019ADEC /* AppDelegate.swift in Sources */ = {isa = PBXBuildFile; fileRef = 2BD4453D2ADDAD350019ADEC /* AppDelegate.swift */; };
		2BD445402ADDAD350019ADEC /* SceneDelegate.swift in Sources */ = {isa = PBXBuildFile; fileRef = 2BD4453F2ADDAD350019ADEC /* SceneDelegate.swift */; };
		2BD445422ADDAD350019ADEC /* ViewController.swift in Sources */ = {isa = PBXBuildFile; fileRef = 2BD445412ADDAD350019ADEC /* ViewController.swift */; };
		2BD445452ADDAD350019ADEC /* Main.storyboard in Resources */ = {isa = PBXBuildFile; fileRef = 2BD445432ADDAD350019ADEC /* Main.storyboard */; };
		2BD445472ADDAD360019ADEC /* Assets.xcassets in Resources */ = {isa = PBXBuildFile; fileRef = 2BD445462ADDAD360019ADEC /* Assets.xcassets */; };
		2BD4454A2ADDAD360019ADEC /* LaunchScreen.storyboard in Resources */ = {isa = PBXBuildFile; fileRef = 2BD445482ADDAD360019ADEC /* LaunchScreen.storyboard */; };
		2BD445522ADDAEF10019ADEC /* LogInViewController.swift in Sources */ = {isa = PBXBuildFile; fileRef = 2BD445512ADDAEF10019ADEC /* LogInViewController.swift */; };
		2BD445562ADDD8CD0019ADEC /* PhotoViewCell.swift in Sources */ = {isa = PBXBuildFile; fileRef = 2BD445552ADDD8CD0019ADEC /* PhotoViewCell.swift */; };
		2BD983FA2AE70E40000BE569 /* DataManagers.swift in Sources */ = {isa = PBXBuildFile; fileRef = 2BD983F92AE70E40000BE569 /* DataManagers.swift */; };
/* End PBXBuildFile section */

/* Begin PBXFileReference section */
		2B162B002ADECF1300C29696 /* IconsHeaderCollectionReusableView.swift */ = {isa = PBXFileReference; lastKnownFileType = sourcecode.swift; path = IconsHeaderCollectionReusableView.swift; sourceTree = "<group>"; };
		2B162B022ADEEB1400C29696 /* InfoHeaderCollectionReusableView.swift */ = {isa = PBXFileReference; lastKnownFileType = sourcecode.swift; path = InfoHeaderCollectionReusableView.swift; sourceTree = "<group>"; };
		2B32B0612AE3D7220093BDBD /* ViewModel.swift */ = {isa = PBXFileReference; lastKnownFileType = sourcecode.swift; path = ViewModel.swift; sourceTree = "<group>"; };
		2B32B0642AE472D30093BDBD /* APIService.swift */ = {isa = PBXFileReference; lastKnownFileType = sourcecode.swift; path = APIService.swift; sourceTree = "<group>"; };
		2B32B0662AE4733A0093BDBD /* Models.swift */ = {isa = PBXFileReference; lastKnownFileType = sourcecode.swift; path = Models.swift; sourceTree = "<group>"; };
		2B3D6AD62AE6AB9C00F0AF28 /* LogInViewModel.swift */ = {isa = PBXFileReference; lastKnownFileType = sourcecode.swift; path = LogInViewModel.swift; sourceTree = "<group>"; };
		2B3D6AD82AE6B1A800F0AF28 /* LogInModel.swift */ = {isa = PBXFileReference; lastKnownFileType = sourcecode.swift; path = LogInModel.swift; sourceTree = "<group>"; };
		2B51A6232AF044C300F98D00 /* KeychainManager.swift */ = {isa = PBXFileReference; lastKnownFileType = sourcecode.swift; path = KeychainManager.swift; sourceTree = "<group>"; };
		2B6C87392AE04FF800590C3B /* StartViewController.swift */ = {isa = PBXFileReference; lastKnownFileType = sourcecode.swift; path = StartViewController.swift; sourceTree = "<group>"; };
		2BD4453A2ADDAD350019ADEC /* Instagram Previewer.app */ = {isa = PBXFileReference; explicitFileType = wrapper.application; includeInIndex = 0; path = "Instagram Previewer.app"; sourceTree = BUILT_PRODUCTS_DIR; };
		2BD4453D2ADDAD350019ADEC /* AppDelegate.swift */ = {isa = PBXFileReference; lastKnownFileType = sourcecode.swift; path = AppDelegate.swift; sourceTree = "<group>"; };
		2BD4453F2ADDAD350019ADEC /* SceneDelegate.swift */ = {isa = PBXFileReference; lastKnownFileType = sourcecode.swift; path = SceneDelegate.swift; sourceTree = "<group>"; };
		2BD445412ADDAD350019ADEC /* ViewController.swift */ = {isa = PBXFileReference; lastKnownFileType = sourcecode.swift; path = ViewController.swift; sourceTree = "<group>"; };
		2BD445442ADDAD350019ADEC /* Base */ = {isa = PBXFileReference; lastKnownFileType = file.storyboard; name = Base; path = Base.lproj/Main.storyboard; sourceTree = "<group>"; };
		2BD445462ADDAD360019ADEC /* Assets.xcassets */ = {isa = PBXFileReference; lastKnownFileType = folder.assetcatalog; path = Assets.xcassets; sourceTree = "<group>"; };
		2BD445492ADDAD360019ADEC /* Base */ = {isa = PBXFileReference; lastKnownFileType = file.storyboard; name = Base; path = Base.lproj/LaunchScreen.storyboard; sourceTree = "<group>"; };
		2BD4454B2ADDAD360019ADEC /* Info.plist */ = {isa = PBXFileReference; lastKnownFileType = text.plist.xml; path = Info.plist; sourceTree = "<group>"; };
		2BD445512ADDAEF10019ADEC /* LogInViewController.swift */ = {isa = PBXFileReference; lastKnownFileType = sourcecode.swift; path = LogInViewController.swift; sourceTree = "<group>"; };
		2BD445552ADDD8CD0019ADEC /* PhotoViewCell.swift */ = {isa = PBXFileReference; lastKnownFileType = sourcecode.swift; path = PhotoViewCell.swift; sourceTree = "<group>"; };
		2BD983F92AE70E40000BE569 /* DataManagers.swift */ = {isa = PBXFileReference; lastKnownFileType = sourcecode.swift; path = DataManagers.swift; sourceTree = "<group>"; };
/* End PBXFileReference section */

/* Begin PBXFrameworksBuildPhase section */
		2BD445372ADDAD350019ADEC /* Frameworks */ = {
			isa = PBXFrameworksBuildPhase;
			buildActionMask = 2147483647;
			files = (
			);
			runOnlyForDeploymentPostprocessing = 0;
		};
/* End PBXFrameworksBuildPhase section */

/* Begin PBXGroup section */
		2B32B05F2AE3D6D50093BDBD /* Views */ = {
			isa = PBXGroup;
			children = (
				2BFCAE112B025D750099B92F /* Headers */,
				2BD445412ADDAD350019ADEC /* ViewController.swift */,
				2B6C87392AE04FF800590C3B /* StartViewController.swift */,
				2BD445552ADDD8CD0019ADEC /* PhotoViewCell.swift */,
				2BD445512ADDAEF10019ADEC /* LogInViewController.swift */,
			);
			path = Views;
			sourceTree = "<group>";
		};
		2B32B0602AE3D6F30093BDBD /* ViewModels */ = {
			isa = PBXGroup;
			children = (
				2B32B0612AE3D7220093BDBD /* ViewModel.swift */,
				2B3D6AD62AE6AB9C00F0AF28 /* LogInViewModel.swift */,
			);
			path = ViewModels;
			sourceTree = "<group>";
		};
		2B32B0632AE3E5D20093BDBD /* Models */ = {
			isa = PBXGroup;
			children = (
				2B3D6AD82AE6B1A800F0AF28 /* LogInModel.swift */,
				2B32B0642AE472D30093BDBD /* APIService.swift */,
				2B51A6232AF044C300F98D00 /* KeychainManager.swift */,
				2BD983F92AE70E40000BE569 /* DataManagers.swift */,
				2B32B0662AE4733A0093BDBD /* Models.swift */,
			);
			path = Models;
			sourceTree = "<group>";
		};
		2BD445312ADDAD350019ADEC = {
			isa = PBXGroup;
			children = (
				2BD4453C2ADDAD350019ADEC /* Instagram Previewer */,
				2BD4453B2ADDAD350019ADEC /* Products */,
			);
			sourceTree = "<group>";
		};
		2BD4453B2ADDAD350019ADEC /* Products */ = {
			isa = PBXGroup;
			children = (
				2BD4453A2ADDAD350019ADEC /* Instagram Previewer.app */,
			);
			name = Products;
			sourceTree = "<group>";
		};
		2BD4453C2ADDAD350019ADEC /* Instagram Previewer */ = {
			isa = PBXGroup;
			children = (
				2B32B05F2AE3D6D50093BDBD /* Views */,
				2B32B0602AE3D6F30093BDBD /* ViewModels */,
				2B32B0632AE3E5D20093BDBD /* Models */,
				2BD4453D2ADDAD350019ADEC /* AppDelegate.swift */,
				2BD4453F2ADDAD350019ADEC /* SceneDelegate.swift */,
				2BD445432ADDAD350019ADEC /* Main.storyboard */,
				2BD445462ADDAD360019ADEC /* Assets.xcassets */,
				2BD445482ADDAD360019ADEC /* LaunchScreen.storyboard */,
				2BD4454B2ADDAD360019ADEC /* Info.plist */,
			);
			path = "Instagram Previewer";
			sourceTree = "<group>";
		};
		2BFCAE112B025D750099B92F /* Headers */ = {
			isa = PBXGroup;
			children = (
				2B162B002ADECF1300C29696 /* IconsHeaderCollectionReusableView.swift */,
				2B162B022ADEEB1400C29696 /* InfoHeaderCollectionReusableView.swift */,
			);
			path = Headers;
			sourceTree = "<group>";
		};
/* End PBXGroup section */

/* Begin PBXNativeTarget section */
		2BD445392ADDAD350019ADEC /* Instagram Previewer */ = {
			isa = PBXNativeTarget;
			buildConfigurationList = 2BD4454E2ADDAD360019ADEC /* Build configuration list for PBXNativeTarget "Instagram Previewer" */;
			buildPhases = (
				2BD445362ADDAD350019ADEC /* Sources */,
				2BD445372ADDAD350019ADEC /* Frameworks */,
				2BD445382ADDAD350019ADEC /* Resources */,
			);
			buildRules = (
			);
			dependencies = (
			);
			name = "Instagram Previewer";
			productName = "Instagram Previewer";
			productReference = 2BD4453A2ADDAD350019ADEC /* Instagram Previewer.app */;
			productType = "com.apple.product-type.application";
		};
/* End PBXNativeTarget section */

/* Begin PBXProject section */
		2BD445322ADDAD350019ADEC /* Project object */ = {
			isa = PBXProject;
			attributes = {
				BuildIndependentTargetsInParallel = 1;
				LastSwiftUpdateCheck = 1430;
				LastUpgradeCheck = 1430;
				TargetAttributes = {
					2BD445392ADDAD350019ADEC = {
						CreatedOnToolsVersion = 14.3.1;
					};
				};
			};
			buildConfigurationList = 2BD445352ADDAD350019ADEC /* Build configuration list for PBXProject "Instagram Previewer" */;
			compatibilityVersion = "Xcode 14.0";
			developmentRegion = en;
			hasScannedForEncodings = 0;
			knownRegions = (
				en,
				Base,
			);
			mainGroup = 2BD445312ADDAD350019ADEC;
			productRefGroup = 2BD4453B2ADDAD350019ADEC /* Products */;
			projectDirPath = "";
			projectRoot = "";
			targets = (
				2BD445392ADDAD350019ADEC /* Instagram Previewer */,
			);
		};
/* End PBXProject section */

/* Begin PBXResourcesBuildPhase section */
		2BD445382ADDAD350019ADEC /* Resources */ = {
			isa = PBXResourcesBuildPhase;
			buildActionMask = 2147483647;
			files = (
				2BD4454A2ADDAD360019ADEC /* LaunchScreen.storyboard in Resources */,
				2BD445472ADDAD360019ADEC /* Assets.xcassets in Resources */,
				2BD445452ADDAD350019ADEC /* Main.storyboard in Resources */,
			);
			runOnlyForDeploymentPostprocessing = 0;
		};
/* End PBXResourcesBuildPhase section */

/* Begin PBXSourcesBuildPhase section */
		2BD445362ADDAD350019ADEC /* Sources */ = {
			isa = PBXSourcesBuildPhase;
			buildActionMask = 2147483647;
			files = (
				2BD445422ADDAD350019ADEC /* ViewController.swift in Sources */,
				2B3D6AD92AE6B1A800F0AF28 /* LogInModel.swift in Sources */,
				2BD4453E2ADDAD350019ADEC /* AppDelegate.swift in Sources */,
				2BD445402ADDAD350019ADEC /* SceneDelegate.swift in Sources */,
				2BD445522ADDAEF10019ADEC /* LogInViewController.swift in Sources */,
				2B3D6AD72AE6AB9C00F0AF28 /* LogInViewModel.swift in Sources */,
				2B6C873A2AE04FF800590C3B /* StartViewController.swift in Sources */,
				2B51A6242AF044C300F98D00 /* KeychainManager.swift in Sources */,
				2B162B032ADEEB1400C29696 /* InfoHeaderCollectionReusableView.swift in Sources */,
				2B32B0652AE472D30093BDBD /* APIService.swift in Sources */,
				2B162B012ADECF1300C29696 /* IconsHeaderCollectionReusableView.swift in Sources */,
				2BD445562ADDD8CD0019ADEC /* PhotoViewCell.swift in Sources */,
				2B32B0622AE3D7220093BDBD /* ViewModel.swift in Sources */,
				2B32B0672AE4733A0093BDBD /* Models.swift in Sources */,
				2BD983FA2AE70E40000BE569 /* DataManagers.swift in Sources */,
			);
			runOnlyForDeploymentPostprocessing = 0;
		};
/* End PBXSourcesBuildPhase section */

/* Begin PBXVariantGroup section */
		2BD445432ADDAD350019ADEC /* Main.storyboard */ = {
			isa = PBXVariantGroup;
			children = (
				2BD445442ADDAD350019ADEC /* Base */,
			);
			name = Main.storyboard;
			sourceTree = "<group>";
		};
		2BD445482ADDAD360019ADEC /* LaunchScreen.storyboard */ = {
			isa = PBXVariantGroup;
			children = (
				2BD445492ADDAD360019ADEC /* Base */,
			);
			name = LaunchScreen.storyboard;
			sourceTree = "<group>";
		};
/* End PBXVariantGroup section */

/* Begin XCBuildConfiguration section */
		2BD4454C2ADDAD360019ADEC /* Debug */ = {
			isa = XCBuildConfiguration;
			buildSettings = {
				ALWAYS_SEARCH_USER_PATHS = NO;
				CLANG_ANALYZER_NONNULL = YES;
				CLANG_ANALYZER_NUMBER_OBJECT_CONVERSION = YES_AGGRESSIVE;
				CLANG_CXX_LANGUAGE_STANDARD = "gnu++20";
				CLANG_ENABLE_MODULES = YES;
				CLANG_ENABLE_OBJC_ARC = YES;
				CLANG_ENABLE_OBJC_WEAK = YES;
				CLANG_WARN_BLOCK_CAPTURE_AUTORELEASING = YES;
				CLANG_WARN_BOOL_CONVERSION = YES;
				CLANG_WARN_COMMA = YES;
				CLANG_WARN_CONSTANT_CONVERSION = YES;
				CLANG_WARN_DEPRECATED_OBJC_IMPLEMENTATIONS = YES;
				CLANG_WARN_DIRECT_OBJC_ISA_USAGE = YES_ERROR;
				CLANG_WARN_DOCUMENTATION_COMMENTS = YES;
				CLANG_WARN_EMPTY_BODY = YES;
				CLANG_WARN_ENUM_CONVERSION = YES;
				CLANG_WARN_INFINITE_RECURSION = YES;
				CLANG_WARN_INT_CONVERSION = YES;
				CLANG_WARN_NON_LITERAL_NULL_CONVERSION = YES;
				CLANG_WARN_OBJC_IMPLICIT_RETAIN_SELF = YES;
				CLANG_WARN_OBJC_LITERAL_CONVERSION = YES;
				CLANG_WARN_OBJC_ROOT_CLASS = YES_ERROR;
				CLANG_WARN_QUOTED_INCLUDE_IN_FRAMEWORK_HEADER = YES;
				CLANG_WARN_RANGE_LOOP_ANALYSIS = YES;
				CLANG_WARN_STRICT_PROTOTYPES = YES;
				CLANG_WARN_SUSPICIOUS_MOVE = YES;
				CLANG_WARN_UNGUARDED_AVAILABILITY = YES_AGGRESSIVE;
				CLANG_WARN_UNREACHABLE_CODE = YES;
				CLANG_WARN__DUPLICATE_METHOD_MATCH = YES;
				COPY_PHASE_STRIP = NO;
				DEBUG_INFORMATION_FORMAT = dwarf;
				ENABLE_STRICT_OBJC_MSGSEND = YES;
				ENABLE_TESTABILITY = YES;
				GCC_C_LANGUAGE_STANDARD = gnu11;
				GCC_DYNAMIC_NO_PIC = NO;
				GCC_NO_COMMON_BLOCKS = YES;
				GCC_OPTIMIZATION_LEVEL = 0;
				GCC_PREPROCESSOR_DEFINITIONS = (
					"DEBUG=1",
					"$(inherited)",
				);
				GCC_WARN_64_TO_32_BIT_CONVERSION = YES;
				GCC_WARN_ABOUT_RETURN_TYPE = YES_ERROR;
				GCC_WARN_UNDECLARED_SELECTOR = YES;
				GCC_WARN_UNINITIALIZED_AUTOS = YES_AGGRESSIVE;
				GCC_WARN_UNUSED_FUNCTION = YES;
				GCC_WARN_UNUSED_VARIABLE = YES;
				IPHONEOS_DEPLOYMENT_TARGET = 16.4;
				MTL_ENABLE_DEBUG_INFO = INCLUDE_SOURCE;
				MTL_FAST_MATH = YES;
				ONLY_ACTIVE_ARCH = YES;
				SDKROOT = iphoneos;
				SWIFT_ACTIVE_COMPILATION_CONDITIONS = DEBUG;
				SWIFT_OPTIMIZATION_LEVEL = "-Onone";
			};
			name = Debug;
		};
		2BD4454D2ADDAD360019ADEC /* Release */ = {
			isa = XCBuildConfiguration;
			buildSettings = {
				ALWAYS_SEARCH_USER_PATHS = NO;
				CLANG_ANALYZER_NONNULL = YES;
				CLANG_ANALYZER_NUMBER_OBJECT_CONVERSION = YES_AGGRESSIVE;
				CLANG_CXX_LANGUAGE_STANDARD = "gnu++20";
				CLANG_ENABLE_MODULES = YES;
				CLANG_ENABLE_OBJC_ARC = YES;
				CLANG_ENABLE_OBJC_WEAK = YES;
				CLANG_WARN_BLOCK_CAPTURE_AUTORELEASING = YES;
				CLANG_WARN_BOOL_CONVERSION = YES;
				CLANG_WARN_COMMA = YES;
				CLANG_WARN_CONSTANT_CONVERSION = YES;
				CLANG_WARN_DEPRECATED_OBJC_IMPLEMENTATIONS = YES;
				CLANG_WARN_DIRECT_OBJC_ISA_USAGE = YES_ERROR;
				CLANG_WARN_DOCUMENTATION_COMMENTS = YES;
				CLANG_WARN_EMPTY_BODY = YES;
				CLANG_WARN_ENUM_CONVERSION = YES;
				CLANG_WARN_INFINITE_RECURSION = YES;
				CLANG_WARN_INT_CONVERSION = YES;
				CLANG_WARN_NON_LITERAL_NULL_CONVERSION = YES;
				CLANG_WARN_OBJC_IMPLICIT_RETAIN_SELF = YES;
				CLANG_WARN_OBJC_LITERAL_CONVERSION = YES;
				CLANG_WARN_OBJC_ROOT_CLASS = YES_ERROR;
				CLANG_WARN_QUOTED_INCLUDE_IN_FRAMEWORK_HEADER = YES;
				CLANG_WARN_RANGE_LOOP_ANALYSIS = YES;
				CLANG_WARN_STRICT_PROTOTYPES = YES;
				CLANG_WARN_SUSPICIOUS_MOVE = YES;
				CLANG_WARN_UNGUARDED_AVAILABILITY = YES_AGGRESSIVE;
				CLANG_WARN_UNREACHABLE_CODE = YES;
				CLANG_WARN__DUPLICATE_METHOD_MATCH = YES;
				COPY_PHASE_STRIP = NO;
				DEBUG_INFORMATION_FORMAT = "dwarf-with-dsym";
				ENABLE_NS_ASSERTIONS = NO;
				ENABLE_STRICT_OBJC_MSGSEND = YES;
				GCC_C_LANGUAGE_STANDARD = gnu11;
				GCC_NO_COMMON_BLOCKS = YES;
				GCC_WARN_64_TO_32_BIT_CONVERSION = YES;
				GCC_WARN_ABOUT_RETURN_TYPE = YES_ERROR;
				GCC_WARN_UNDECLARED_SELECTOR = YES;
				GCC_WARN_UNINITIALIZED_AUTOS = YES_AGGRESSIVE;
				GCC_WARN_UNUSED_FUNCTION = YES;
				GCC_WARN_UNUSED_VARIABLE = YES;
				IPHONEOS_DEPLOYMENT_TARGET = 16.4;
				MTL_ENABLE_DEBUG_INFO = NO;
				MTL_FAST_MATH = YES;
				SDKROOT = iphoneos;
				SWIFT_COMPILATION_MODE = wholemodule;
				SWIFT_OPTIMIZATION_LEVEL = "-O";
				VALIDATE_PRODUCT = YES;
			};
			name = Release;
		};
		2BD4454F2ADDAD360019ADEC /* Debug */ = {
			isa = XCBuildConfiguration;
			buildSettings = {
				ASSETCATALOG_COMPILER_APPICON_NAME = AppIcon;
				ASSETCATALOG_COMPILER_GLOBAL_ACCENT_COLOR_NAME = AccentColor;
				CODE_SIGN_STYLE = Automatic;
				CURRENT_PROJECT_VERSION = 1;
				GENERATE_INFOPLIST_FILE = YES;
				INFOPLIST_FILE = "Instagram Previewer/Info.plist";
				INFOPLIST_KEY_UIApplicationSupportsIndirectInputEvents = YES;
				INFOPLIST_KEY_UILaunchStoryboardName = LaunchScreen;
				INFOPLIST_KEY_UIMainStoryboardFile = Main;
				INFOPLIST_KEY_UISupportedInterfaceOrientations_iPad = "UIInterfaceOrientationPortrait UIInterfaceOrientationPortraitUpsideDown UIInterfaceOrientationLandscapeLeft UIInterfaceOrientationLandscapeRight";
				INFOPLIST_KEY_UISupportedInterfaceOrientations_iPhone = "UIInterfaceOrientationPortrait UIInterfaceOrientationLandscapeLeft UIInterfaceOrientationLandscapeRight";
				LD_RUNPATH_SEARCH_PATHS = (
					"$(inherited)",
					"@executable_path/Frameworks",
				);
				MARKETING_VERSION = 1.0;
				PRODUCT_BUNDLE_IDENTIFIER = "-2.Instagram-Previewer";
				PRODUCT_NAME = "$(TARGET_NAME)";
				SWIFT_EMIT_LOC_STRINGS = YES;
				SWIFT_VERSION = 5.0;
				TARGETED_DEVICE_FAMILY = "1,2";
			};
			name = Debug;
		};
		2BD445502ADDAD360019ADEC /* Release */ = {
			isa = XCBuildConfiguration;
			buildSettings = {
				ASSETCATALOG_COMPILER_APPICON_NAME = AppIcon;
				ASSETCATALOG_COMPILER_GLOBAL_ACCENT_COLOR_NAME = AccentColor;
				CODE_SIGN_STYLE = Automatic;
				CURRENT_PROJECT_VERSION = 1;
				GENERATE_INFOPLIST_FILE = YES;
				INFOPLIST_FILE = "Instagram Previewer/Info.plist";
				INFOPLIST_KEY_UIApplicationSupportsIndirectInputEvents = YES;
				INFOPLIST_KEY_UILaunchStoryboardName = LaunchScreen;
				INFOPLIST_KEY_UIMainStoryboardFile = Main;
				INFOPLIST_KEY_UISupportedInterfaceOrientations_iPad = "UIInterfaceOrientationPortrait UIInterfaceOrientationPortraitUpsideDown UIInterfaceOrientationLandscapeLeft UIInterfaceOrientationLandscapeRight";
				INFOPLIST_KEY_UISupportedInterfaceOrientations_iPhone = "UIInterfaceOrientationPortrait UIInterfaceOrientationLandscapeLeft UIInterfaceOrientationLandscapeRight";
				LD_RUNPATH_SEARCH_PATHS = (
					"$(inherited)",
					"@executable_path/Frameworks",
				);
				MARKETING_VERSION = 1.0;
				PRODUCT_BUNDLE_IDENTIFIER = "-2.Instagram-Previewer";
				PRODUCT_NAME = "$(TARGET_NAME)";
				SWIFT_EMIT_LOC_STRINGS = YES;
				SWIFT_VERSION = 5.0;
				TARGETED_DEVICE_FAMILY = "1,2";
			};
			name = Release;
		};
/* End XCBuildConfiguration section */

/* Begin XCConfigurationList section */
		2BD445352ADDAD350019ADEC /* Build configuration list for PBXProject "Instagram Previewer" */ = {
			isa = XCConfigurationList;
			buildConfigurations = (
				2BD4454C2ADDAD360019ADEC /* Debug */,
				2BD4454D2ADDAD360019ADEC /* Release */,
			);
			defaultConfigurationIsVisible = 0;
			defaultConfigurationName = Release;
		};
		2BD4454E2ADDAD360019ADEC /* Build configuration list for PBXNativeTarget "Instagram Previewer" */ = {
			isa = XCConfigurationList;
			buildConfigurations = (
				2BD4454F2ADDAD360019ADEC /* Debug */,
				2BD445502ADDAD360019ADEC /* Release */,
			);
			defaultConfigurationIsVisible = 0;
			defaultConfigurationName = Release;
		};
/* End XCConfigurationList section */
	};
	rootObject = 2BD445322ADDAD350019ADEC /* Project object */;
}
